
Microsoft Visual Studio Solution File, Format Version 12.00
Project("{FAE04EC0-301F-11D3-BF4B-00C04F79EFBC}") = "Screen.Ui", "Screen.Ui\Screen.Ui.csproj", "{CDF830AA-60E6-4B6E-84E6-ECE4B8104A24}"
EndProject
Project("{FAE04EC0-301F-11D3-BF4B-00C04F79EFBC}") = "Screen.Db", "Screen.Db\Screen.Db.csproj", "{698AC00D-62B9-4B46-8EBB-1D9AE05DC157}"
EndProject
Global
	GlobalSection(SolutionConfigurationPlatforms) = preSolution
		Debug|Any CPU = Debug|Any CPU
		Release|Any CPU = Release|Any CPU
	EndGlobalSection
	GlobalSection(ProjectConfigurationPlatforms) = postSolution
		{CDF830AA-60E6-4B6E-84E6-ECE4B8104A24}.Debug|Any CPU.ActiveCfg = Debug|Any CPU
		{CDF830AA-60E6-4B6E-84E6-ECE4B8104A24}.Debug|Any CPU.Build.0 = Debug|Any CPU
		{CDF830AA-60E6-4B6E-84E6-ECE4B8104A24}.Release|Any CPU.ActiveCfg = Release|Any CPU
		{CDF830AA-60E6-4B6E-84E6-ECE4B8104A24}.Release|Any CPU.Build.0 = Release|Any CPU
		{698AC00D-62B9-4B46-8EBB-1D9AE05DC157}.Debug|Any CPU.ActiveCfg = Debug|Any CPU
		{698AC00D-62B9-4B46-8EBB-1D9AE05DC157}.Debug|Any CPU.Build.0 = Debug|Any CPU
		{698AC00D-62B9-4B46-8EBB-1D9AE05DC157}.Release|Any CPU.ActiveCfg = Release|Any CPU
		{698AC00D-62B9-4B46-8EBB-1D9AE05DC157}.Release|Any CPU.Build.0 = Release|Any CPU
	EndGlobalSection
EndGlobal
