
Microsoft Visual Studio Solution File, Format Version 12.00
Project("{FAE04EC0-301F-11D3-BF4B-00C04F79EFBC}") = "con-event-screen", "con-event-screen\con-event-screen.csproj", "{9F2870FF-4998-4BD0-AF65-349065C11DF8}"
EndProject
Project("{FAE04EC0-301F-11D3-BF4B-00C04F79EFBC}") = "con-event-api", "con-event-api\con-event-api.csproj", "{1C036174-319F-43C2-8DE5-30B1B40BFAA1}"
EndProject
Project("{FAE04EC0-301F-11D3-BF4B-00C04F79EFBC}") = "con-event-services", "con-event-services\con-event-services.csproj", "{DA88575D-01A9-4D59-968A-205988060F0E}"
EndProject
Project("{FAE04EC0-301F-11D3-BF4B-00C04F79EFBC}") = "con-event-db", "con-event-db\con-event-db.csproj", "{45E17DAE-0CB5-4E59-A249-0D9481BAA555}"
EndProject
Project("{FAE04EC0-301F-11D3-BF4B-00C04F79EFBC}") = "con-event-api.tests", "con-event-api.tests\con-event-api.tests.csproj", "{042B24EA-4A3F-4D51-AB02-E153E43214C8}"
EndProject
Project("{9A19103F-16F7-4668-BE54-9A1E7A4F7556}") = "_build", "..\build\_build.csproj", "{0E7BE8CB-6E24-414C-B608-3AB87E2D11FA}"
EndProject
Project("{FAE04EC0-301F-11D3-BF4B-00C04F79EFBC}") = "EventScreen.WebUi", "EventScreen.WebUi\EventScreen.WebUi.csproj", "{1758F31A-188A-444D-B821-FFFCB7137DCE}"
EndProject
Project("{2150E333-8FDC-42A3-9474-1A3956D46DE8}") = "DB", "DB", "{B50C4E17-613E-45D0-9530-31D1A4935081}"
EndProject
Project("{FAE04EC0-301F-11D3-BF4B-00C04F79EFBC}") = "EventScreen.Db", "EventScreen.Db\EventScreen.Db.csproj", "{0633365E-097B-4A38-8ADE-B654164C034E}"
EndProject
Project("{2150E333-8FDC-42A3-9474-1A3956D46DE8}") = "Services", "Services", "{3B9228AF-741B-46BB-9597-C1325780CA3D}"
EndProject
Project("{FAE04EC0-301F-11D3-BF4B-00C04F79EFBC}") = "EventScreen.Services", "EventScreen.Services\EventScreen.Services.csproj", "{4184702C-197B-4081-96BA-839D3A70674F}"
EndProject
Global
	GlobalSection(SolutionConfigurationPlatforms) = preSolution
		Debug|Any CPU = Debug|Any CPU
		Release|Any CPU = Release|Any CPU
	EndGlobalSection
	GlobalSection(ProjectConfigurationPlatforms) = postSolution
		{0E7BE8CB-6E24-414C-B608-3AB87E2D11FA}.Debug|Any CPU.ActiveCfg = Debug|Any CPU
		{0E7BE8CB-6E24-414C-B608-3AB87E2D11FA}.Release|Any CPU.ActiveCfg = Release|Any CPU
		{9F2870FF-4998-4BD0-AF65-349065C11DF8}.Debug|Any CPU.ActiveCfg = Debug|Any CPU
		{9F2870FF-4998-4BD0-AF65-349065C11DF8}.Debug|Any CPU.Build.0 = Debug|Any CPU
		{9F2870FF-4998-4BD0-AF65-349065C11DF8}.Release|Any CPU.ActiveCfg = Release|Any CPU
		{9F2870FF-4998-4BD0-AF65-349065C11DF8}.Release|Any CPU.Build.0 = Release|Any CPU
		{1C036174-319F-43C2-8DE5-30B1B40BFAA1}.Debug|Any CPU.ActiveCfg = Debug|Any CPU
		{1C036174-319F-43C2-8DE5-30B1B40BFAA1}.Debug|Any CPU.Build.0 = Debug|Any CPU
		{1C036174-319F-43C2-8DE5-30B1B40BFAA1}.Release|Any CPU.ActiveCfg = Release|Any CPU
		{1C036174-319F-43C2-8DE5-30B1B40BFAA1}.Release|Any CPU.Build.0 = Release|Any CPU
		{DA88575D-01A9-4D59-968A-205988060F0E}.Debug|Any CPU.ActiveCfg = Debug|Any CPU
		{DA88575D-01A9-4D59-968A-205988060F0E}.Debug|Any CPU.Build.0 = Debug|Any CPU
		{DA88575D-01A9-4D59-968A-205988060F0E}.Release|Any CPU.ActiveCfg = Release|Any CPU
		{DA88575D-01A9-4D59-968A-205988060F0E}.Release|Any CPU.Build.0 = Release|Any CPU
		{45E17DAE-0CB5-4E59-A249-0D9481BAA555}.Debug|Any CPU.ActiveCfg = Debug|Any CPU
		{45E17DAE-0CB5-4E59-A249-0D9481BAA555}.Debug|Any CPU.Build.0 = Debug|Any CPU
		{45E17DAE-0CB5-4E59-A249-0D9481BAA555}.Release|Any CPU.ActiveCfg = Release|Any CPU
		{45E17DAE-0CB5-4E59-A249-0D9481BAA555}.Release|Any CPU.Build.0 = Release|Any CPU
		{042B24EA-4A3F-4D51-AB02-E153E43214C8}.Debug|Any CPU.ActiveCfg = Debug|Any CPU
		{042B24EA-4A3F-4D51-AB02-E153E43214C8}.Debug|Any CPU.Build.0 = Debug|Any CPU
		{042B24EA-4A3F-4D51-AB02-E153E43214C8}.Release|Any CPU.ActiveCfg = Release|Any CPU
		{042B24EA-4A3F-4D51-AB02-E153E43214C8}.Release|Any CPU.Build.0 = Release|Any CPU
		{1758F31A-188A-444D-B821-FFFCB7137DCE}.Debug|Any CPU.ActiveCfg = Debug|Any CPU
		{1758F31A-188A-444D-B821-FFFCB7137DCE}.Debug|Any CPU.Build.0 = Debug|Any CPU
		{1758F31A-188A-444D-B821-FFFCB7137DCE}.Release|Any CPU.ActiveCfg = Release|Any CPU
		{1758F31A-188A-444D-B821-FFFCB7137DCE}.Release|Any CPU.Build.0 = Release|Any CPU
		{0633365E-097B-4A38-8ADE-B654164C034E}.Debug|Any CPU.ActiveCfg = Debug|Any CPU
		{0633365E-097B-4A38-8ADE-B654164C034E}.Debug|Any CPU.Build.0 = Debug|Any CPU
		{0633365E-097B-4A38-8ADE-B654164C034E}.Release|Any CPU.ActiveCfg = Release|Any CPU
		{0633365E-097B-4A38-8ADE-B654164C034E}.Release|Any CPU.Build.0 = Release|Any CPU
		{4184702C-197B-4081-96BA-839D3A70674F}.Debug|Any CPU.ActiveCfg = Debug|Any CPU
		{4184702C-197B-4081-96BA-839D3A70674F}.Debug|Any CPU.Build.0 = Debug|Any CPU
		{4184702C-197B-4081-96BA-839D3A70674F}.Release|Any CPU.ActiveCfg = Release|Any CPU
		{4184702C-197B-4081-96BA-839D3A70674F}.Release|Any CPU.Build.0 = Release|Any CPU
	EndGlobalSection
	GlobalSection(NestedProjects) = preSolution
		{0633365E-097B-4A38-8ADE-B654164C034E} = {B50C4E17-613E-45D0-9530-31D1A4935081}
		{4184702C-197B-4081-96BA-839D3A70674F} = {3B9228AF-741B-46BB-9597-C1325780CA3D}
	EndGlobalSection
EndGlobal
